
Microsoft Visual Studio Solution File, Format Version 12.00
# Visual Studio Version 17
VisualStudioVersion = 17.1.32228.430
MinimumVisualStudioVersion = 10.0.40219.1
Project("{9A19103F-16F7-4668-BE54-9A1E7A4F7556}") = "Metodlar3", "Metodlar3\Metodlar3.csproj", "{B70D5559-B97D-46F7-AA8C-18ADF39729BA}"
EndProject
Project("{9A19103F-16F7-4668-BE54-9A1E7A4F7556}") = "Matematik", "Matematik\Matematik.csproj", "{823889D9-E13E-4E25-B87C-E0E04BAB9CF6}"
EndProject
Project("{9A19103F-16F7-4668-BE54-9A1E7A4F7556}") = "DegerVeReferansTipler", "DegerVeReferansTipler\DegerVeReferansTipler.csproj", "{160FF81E-2CCF-40AA-BAF2-FC7CF2A7854A}"
EndProject
Project("{9A19103F-16F7-4668-BE54-9A1E7A4F7556}") = "OOP1", "OOP1\OOP1.csproj", "{0FBE3329-194C-4E26-BBF7-878D9DA4D148}"
EndProject
Project("{9A19103F-16F7-4668-BE54-9A1E7A4F7556}") = "Kolleksiyonlar", "Kolleksiyonlar\Kolleksiyonlar.csproj", "{F96763F2-C505-47F5-8EDB-F0674FE99C32}"
EndProject
Project("{9A19103F-16F7-4668-BE54-9A1E7A4F7556}") = "GenericsIntro", "GenericsIntro\GenericsIntro.csproj", "{6215D4C4-8D24-4DFA-934C-CFE7A6D7896B}"
EndProject
Project("{FAE04EC0-301F-11D3-BF4B-00C04F79EFBC}") = "Oop2", "Oop2\Oop2.csproj", "{AE5CC4DF-19DE-40AD-819F-FD6693A2AF7C}"
EndProject
Project("{FAE04EC0-301F-11D3-BF4B-00C04F79EFBC}") = "Oop3", "Oop3\Oop3.csproj", "{51C2C8DC-244F-48D8-93B1-3C62D877345E}"
EndProject
Global
	GlobalSection(SolutionConfigurationPlatforms) = preSolution
		Debug|Any CPU = Debug|Any CPU
		Release|Any CPU = Release|Any CPU
	EndGlobalSection
	GlobalSection(ProjectConfigurationPlatforms) = postSolution
		{B70D5559-B97D-46F7-AA8C-18ADF39729BA}.Debug|Any CPU.ActiveCfg = Debug|Any CPU
		{B70D5559-B97D-46F7-AA8C-18ADF39729BA}.Debug|Any CPU.Build.0 = Debug|Any CPU
		{B70D5559-B97D-46F7-AA8C-18ADF39729BA}.Release|Any CPU.ActiveCfg = Release|Any CPU
		{B70D5559-B97D-46F7-AA8C-18ADF39729BA}.Release|Any CPU.Build.0 = Release|Any CPU
		{823889D9-E13E-4E25-B87C-E0E04BAB9CF6}.Debug|Any CPU.ActiveCfg = Debug|Any CPU
		{823889D9-E13E-4E25-B87C-E0E04BAB9CF6}.Debug|Any CPU.Build.0 = Debug|Any CPU
		{823889D9-E13E-4E25-B87C-E0E04BAB9CF6}.Release|Any CPU.ActiveCfg = Release|Any CPU
		{823889D9-E13E-4E25-B87C-E0E04BAB9CF6}.Release|Any CPU.Build.0 = Release|Any CPU
		{160FF81E-2CCF-40AA-BAF2-FC7CF2A7854A}.Debug|Any CPU.ActiveCfg = Debug|Any CPU
		{160FF81E-2CCF-40AA-BAF2-FC7CF2A7854A}.Debug|Any CPU.Build.0 = Debug|Any CPU
		{160FF81E-2CCF-40AA-BAF2-FC7CF2A7854A}.Release|Any CPU.ActiveCfg = Release|Any CPU
		{160FF81E-2CCF-40AA-BAF2-FC7CF2A7854A}.Release|Any CPU.Build.0 = Release|Any CPU
		{0FBE3329-194C-4E26-BBF7-878D9DA4D148}.Debug|Any CPU.ActiveCfg = Debug|Any CPU
		{0FBE3329-194C-4E26-BBF7-878D9DA4D148}.Debug|Any CPU.Build.0 = Debug|Any CPU
		{0FBE3329-194C-4E26-BBF7-878D9DA4D148}.Release|Any CPU.ActiveCfg = Release|Any CPU
		{0FBE3329-194C-4E26-BBF7-878D9DA4D148}.Release|Any CPU.Build.0 = Release|Any CPU
		{F96763F2-C505-47F5-8EDB-F0674FE99C32}.Debug|Any CPU.ActiveCfg = Debug|Any CPU
		{F96763F2-C505-47F5-8EDB-F0674FE99C32}.Debug|Any CPU.Build.0 = Debug|Any CPU
		{F96763F2-C505-47F5-8EDB-F0674FE99C32}.Release|Any CPU.ActiveCfg = Release|Any CPU
		{F96763F2-C505-47F5-8EDB-F0674FE99C32}.Release|Any CPU.Build.0 = Release|Any CPU
		{6215D4C4-8D24-4DFA-934C-CFE7A6D7896B}.Debug|Any CPU.ActiveCfg = Debug|Any CPU
		{6215D4C4-8D24-4DFA-934C-CFE7A6D7896B}.Debug|Any CPU.Build.0 = Debug|Any CPU
		{6215D4C4-8D24-4DFA-934C-CFE7A6D7896B}.Release|Any CPU.ActiveCfg = Release|Any CPU
		{6215D4C4-8D24-4DFA-934C-CFE7A6D7896B}.Release|Any CPU.Build.0 = Release|Any CPU
		{AE5CC4DF-19DE-40AD-819F-FD6693A2AF7C}.Debug|Any CPU.ActiveCfg = Debug|Any CPU
		{AE5CC4DF-19DE-40AD-819F-FD6693A2AF7C}.Debug|Any CPU.Build.0 = Debug|Any CPU
		{AE5CC4DF-19DE-40AD-819F-FD6693A2AF7C}.Release|Any CPU.ActiveCfg = Release|Any CPU
		{AE5CC4DF-19DE-40AD-819F-FD6693A2AF7C}.Release|Any CPU.Build.0 = Release|Any CPU
		{51C2C8DC-244F-48D8-93B1-3C62D877345E}.Debug|Any CPU.ActiveCfg = Debug|Any CPU
		{51C2C8DC-244F-48D8-93B1-3C62D877345E}.Debug|Any CPU.Build.0 = Debug|Any CPU
		{51C2C8DC-244F-48D8-93B1-3C62D877345E}.Release|Any CPU.ActiveCfg = Release|Any CPU
		{51C2C8DC-244F-48D8-93B1-3C62D877345E}.Release|Any CPU.Build.0 = Release|Any CPU
	EndGlobalSection
	GlobalSection(SolutionProperties) = preSolution
		HideSolutionNode = FALSE
	EndGlobalSection
	GlobalSection(ExtensibilityGlobals) = postSolution
		SolutionGuid = {B5BF82C7-1E49-4B2C-B98C-D2C1F1B734EA}
	EndGlobalSection
EndGlobal
